
Microsoft Visual Studio Solution File, Format Version 12.00
Project("{FAE04EC0-301F-11D3-BF4B-00C04F79EFBC}") = "BinSearchRightBorder", "BinSearchRightBorder\BinSearchRightBorder.csproj", "{FCBB3F12-418A-4548-86A6-91E35D1F7034}"
EndProject
Global
	GlobalSection(SolutionConfigurationPlatforms) = preSolution
		Debug|Any CPU = Debug|Any CPU
		Release|Any CPU = Release|Any CPU
	EndGlobalSection
	GlobalSection(ProjectConfigurationPlatforms) = postSolution
		{FCBB3F12-418A-4548-86A6-91E35D1F7034}.Debug|Any CPU.ActiveCfg = Debug|Any CPU
		{FCBB3F12-418A-4548-86A6-91E35D1F7034}.Debug|Any CPU.Build.0 = Debug|Any CPU
		{FCBB3F12-418A-4548-86A6-91E35D1F7034}.Release|Any CPU.ActiveCfg = Release|Any CPU
		{FCBB3F12-418A-4548-86A6-91E35D1F7034}.Release|Any CPU.Build.0 = Release|Any CPU
	EndGlobalSection
EndGlobal
