
Microsoft Visual Studio Solution File, Format Version 12.00
# Visual Studio 15
VisualStudioVersion = 15.0.28307.329
MinimumVisualStudioVersion = 10.0.40219.1
Project("{FAE04EC0-301F-11D3-BF4B-00C04F79EFBC}") = "Billiards", "Billiards.csproj", "{5A59E50B-7340-49BC-8398-6F82C86F99D9}"
EndProject
Global
	GlobalSection(SolutionConfigurationPlatforms) = preSolution
		Debug|Any CPU = Debug|Any CPU
		Release|Any CPU = Release|Any CPU
	EndGlobalSection
	GlobalSection(ProjectConfigurationPlatforms) = postSolution
		{5A59E50B-7340-49BC-8398-6F82C86F99D9}.Debug|Any CPU.ActiveCfg = Debug|Any CPU
		{5A59E50B-7340-49BC-8398-6F82C86F99D9}.Debug|Any CPU.Build.0 = Debug|Any CPU
		{5A59E50B-7340-49BC-8398-6F82C86F99D9}.Release|Any CPU.ActiveCfg = Release|Any CPU
		{5A59E50B-7340-49BC-8398-6F82C86F99D9}.Release|Any CPU.Build.0 = Release|Any CPU
	EndGlobalSection
	GlobalSection(SolutionProperties) = preSolution
		HideSolutionNode = FALSE
	EndGlobalSection
	GlobalSection(ExtensibilityGlobals) = postSolution
		SolutionGuid = {88C693EF-B7EB-45EA-833C-9919CEDA1533}
	EndGlobalSection
EndGlobal
